<?xml version="1.0" encoding="utf-8"?>
<Project ToolsVersion="4.0" xmlns="http://schemas.microsoft.com/developer/msbuild/2003">
  <ItemGroup>
    <Filter Include="Source Files">
      <UniqueIdentifier>{4FC737F1-C7A5-4376-A066-2A32D752A2FF}</UniqueIdentifier>
      <Extensions>cpp;c;cc;cxx;c++;cppm;ixx;def;odl;idl;hpj;bat;asm;asmx</Extensions>
    </Filter>
    <Filter Include="Header Files">
      <UniqueIdentifier>{93995380-89BD-4b04-88EB-625FBE52EBFB}</UniqueIdentifier>
      <Extensions>h;hh;hpp;hxx;h++;hm;inl;inc;ipp;xsd</Extensions>
    </Filter>
    <Filter Include="Resource Files">
      <UniqueIdentifier>{67DA6AB6-F800-4c08-8B7A-83BB121AAD01}</UniqueIdentifier>
      <Extensions>rc;ico;cur;bmp;dlg;rc2;rct;bin;rgs;gif;jpg;jpeg;jpe;resx;tiff;tif;png;wav;mfcribbon-ms</Extensions>
    </Filter>
  </ItemGroup>
  <ItemGroup>
    <ClCompile Include="main.cpp">
      <Filter>Source Files</Filter>
    </ClCompile>
    <ClCompile Include="BarChart\BarChart.cpp">
      <Filter>Source Files</Filter>
    </ClCompile>
    <ClCompile Include="RenderWindow\RenderWindow.cpp">
      <Filter>Source Files</Filter>
    </ClCompile>
    <ClCompile Include="Text\Text.cpp">
      <Filter>Source Files</Filter>
    </ClCompile>
    <ClCompile Include="TTFSubSystem\TTFSubSystem.cpp">
      <Filter>Source Files</Filter>
    </ClCompile>
    <ClCompile Include="SDLSubSystem\SDLSubSystem.cpp">
      <Filter>Source Files</Filter>
    </ClCompile>
    <ClCompile Include="ProgramManager\ProgramManager.cpp">
      <Filter>Source Files</Filter>
    </ClCompile>
    <ClCompile Include="BarChartState\UnsortedState.cpp">
      <Filter>Source Files</Filter>
    </ClCompile>
    <ClCompile Include="BarChartState\SortingState.cpp">
      <Filter>Source Files</Filter>
    </ClCompile>
    <ClCompile Include="BarChartState\SortedState.cpp">
      <Filter>Source Files</Filter>
    </ClCompile>
    <ClCompile Include="SortAlgorithm\SortAlgorithm.cpp">
      <Filter>Source Files</Filter>
    </ClCompile>
    <ClCompile Include="SortAlgorithm\InsertionSort.cpp">
      <Filter>Source Files</Filter>
    </ClCompile>
    <ClCompile Include="SortAlgorithm\BubbleSort.cpp">
      <Filter>Source Files</Filter>
    </ClCompile>
    <ClCompile Include="SortAlgorithm\SelectionSort.cpp">
      <Filter>Source Files</Filter>
    </ClCompile>
    <ClCompile Include="SortAlgorithm\QuickSort.cpp">
      <Filter>Source Files</Filter>
    </ClCompile>
    <ClCompile Include="SortAlgorithm\MergeSort.cpp">
      <Filter>Source Files</Filter>
    </ClCompile>
    <ClCompile Include="SortAlgorithm\CocktailShakerSort.cpp">
      <Filter>Source Files</Filter>
    </ClCompile>
    <ClCompile Include="SortAlgorithm\RadixSort.cpp">
      <Filter>Source Files</Filter>
    </ClCompile>
  </ItemGroup>
  <ItemGroup>
    <ClInclude Include="BarChart\BarChart.h">
      <Filter>Header Files</Filter>
    </ClInclude>
    <ClInclude Include="RenderWindow\RenderWindow.h">
      <Filter>Header Files</Filter>
    </ClInclude>
    <ClInclude Include="Constants.h">
      <Filter>Header Files</Filter>
    </ClInclude>
    <ClInclude Include="Text\Text.h">
      <Filter>Header Files</Filter>
    </ClInclude>
    <ClInclude Include="TTFSubSystem\TTFSubSystem.h">
      <Filter>Header Files</Filter>
    </ClInclude>
    <ClInclude Include="SDLSubSystem\SDLSubSystem.h">
      <Filter>Header Files</Filter>
    </ClInclude>
    <ClInclude Include="ProgramManager\ProgramManager.h">
      <Filter>Header Files</Filter>
    </ClInclude>
    <ClInclude Include="BarChartState\BarChartState.h">
      <Filter>Header Files</Filter>
    </ClInclude>
    <ClInclude Include="BarChartState\UnsortedState.h">
      <Filter>Header Files</Filter>
    </ClInclude>
    <ClInclude Include="BarChartState\SortingState.h">
      <Filter>Header Files</Filter>
    </ClInclude>
    <ClInclude Include="BarChartState\SortedState.h">
      <Filter>Header Files</Filter>
    </ClInclude>
    <ClInclude Include="SortAlgorithm\SortAlgorithm.h">
      <Filter>Header Files</Filter>
    </ClInclude>
    <ClInclude Include="SortAlgorithm\InsertionSort.h">
      <Filter>Header Files</Filter>
    </ClInclude>
    <ClInclude Include="SortAlgorithm\BubbleSort.h">
      <Filter>Header Files</Filter>
    </ClInclude>
    <ClInclude Include="SortAlgorithm\SelectionSort.h">
      <Filter>Header Files</Filter>
    </ClInclude>
    <ClInclude Include="SortAlgorithm\QuickSort.h">
      <Filter>Header Files</Filter>
    </ClInclude>
    <ClInclude Include="SortAlgorithm\MergeSort.h">
      <Filter>Header Files</Filter>
    </ClInclude>
    <ClInclude Include="SortAlgorithm\CocktailShakerSort.h">
      <Filter>Header Files</Filter>
    </ClInclude>
    <ClInclude Include="SortAlgorithm\RadixSort.h">
      <Filter>Header Files</Filter>
    </ClInclude>
  </ItemGroup>
</Project>